
Microsoft Visual Studio Solution File, Format Version 12.00
# Visual Studio Version 17
VisualStudioVersion = 17.5.33414.496
MinimumVisualStudioVersion = 10.0.40219.1
Project("{FAE04EC0-301F-11D3-BF4B-00C04F79EFBC}") = "TriggersMVVM_ASA.Android", "TriggersMVVM_ASA.Android\TriggersMVVM_ASA.Android.csproj", "{D3547922-6868-43F7-B9A6-FBD9ABF5F670}"
EndProject
Project("{FAE04EC0-301F-11D3-BF4B-00C04F79EFBC}") = "TriggersMVVM_ASA.iOS", "TriggersMVVM_ASA.iOS\TriggersMVVM_ASA.iOS.csproj", "{74599003-64DB-4B34-8D8A-F8329AAC6681}"
EndProject
Project("{FAE04EC0-301F-11D3-BF4B-00C04F79EFBC}") = "TriggersMVVM_ASA", "TriggersMVVM_ASA\TriggersMVVM_ASA.csproj", "{A15B6ED0-72BD-4E75-A72A-0557910CBC8F}"
EndProject
Global
	GlobalSection(SolutionConfigurationPlatforms) = preSolution
		Debug|Any CPU = Debug|Any CPU
		Debug|iPhone = Debug|iPhone
		Debug|iPhoneSimulator = Debug|iPhoneSimulator
		Release|Any CPU = Release|Any CPU
		Release|iPhone = Release|iPhone
		Release|iPhoneSimulator = Release|iPhoneSimulator
	EndGlobalSection
	GlobalSection(ProjectConfigurationPlatforms) = postSolution
		{D3547922-6868-43F7-B9A6-FBD9ABF5F670}.Debug|Any CPU.ActiveCfg = Debug|Any CPU
		{D3547922-6868-43F7-B9A6-FBD9ABF5F670}.Debug|Any CPU.Build.0 = Debug|Any CPU
		{D3547922-6868-43F7-B9A6-FBD9ABF5F670}.Debug|Any CPU.Deploy.0 = Debug|Any CPU
		{D3547922-6868-43F7-B9A6-FBD9ABF5F670}.Debug|iPhone.ActiveCfg = Debug|Any CPU
		{D3547922-6868-43F7-B9A6-FBD9ABF5F670}.Debug|iPhone.Build.0 = Debug|Any CPU
		{D3547922-6868-43F7-B9A6-FBD9ABF5F670}.Debug|iPhone.Deploy.0 = Debug|Any CPU
		{D3547922-6868-43F7-B9A6-FBD9ABF5F670}.Debug|iPhoneSimulator.ActiveCfg = Debug|Any CPU
		{D3547922-6868-43F7-B9A6-FBD9ABF5F670}.Debug|iPhoneSimulator.Build.0 = Debug|Any CPU
		{D3547922-6868-43F7-B9A6-FBD9ABF5F670}.Debug|iPhoneSimulator.Deploy.0 = Debug|Any CPU
		{D3547922-6868-43F7-B9A6-FBD9ABF5F670}.Release|Any CPU.ActiveCfg = Release|Any CPU
		{D3547922-6868-43F7-B9A6-FBD9ABF5F670}.Release|Any CPU.Build.0 = Release|Any CPU
		{D3547922-6868-43F7-B9A6-FBD9ABF5F670}.Release|Any CPU.Deploy.0 = Release|Any CPU
		{D3547922-6868-43F7-B9A6-FBD9ABF5F670}.Release|iPhone.ActiveCfg = Release|Any CPU
		{D3547922-6868-43F7-B9A6-FBD9ABF5F670}.Release|iPhone.Build.0 = Release|Any CPU
		{D3547922-6868-43F7-B9A6-FBD9ABF5F670}.Release|iPhone.Deploy.0 = Release|Any CPU
		{D3547922-6868-43F7-B9A6-FBD9ABF5F670}.Release|iPhoneSimulator.ActiveCfg = Release|Any CPU
		{D3547922-6868-43F7-B9A6-FBD9ABF5F670}.Release|iPhoneSimulator.Build.0 = Release|Any CPU
		{D3547922-6868-43F7-B9A6-FBD9ABF5F670}.Release|iPhoneSimulator.Deploy.0 = Release|Any CPU
		{74599003-64DB-4B34-8D8A-F8329AAC6681}.Debug|Any CPU.ActiveCfg = Debug|iPhone
		{74599003-64DB-4B34-8D8A-F8329AAC6681}.Debug|Any CPU.Build.0 = Debug|iPhone
		{74599003-64DB-4B34-8D8A-F8329AAC6681}.Debug|Any CPU.Deploy.0 = Debug|iPhone
		{74599003-64DB-4B34-8D8A-F8329AAC6681}.Debug|iPhone.ActiveCfg = Debug|iPhone
		{74599003-64DB-4B34-8D8A-F8329AAC6681}.Debug|iPhone.Build.0 = Debug|iPhone
		{74599003-64DB-4B34-8D8A-F8329AAC6681}.Debug|iPhone.Deploy.0 = Debug|iPhone
		{74599003-64DB-4B34-8D8A-F8329AAC6681}.Debug|iPhoneSimulator.ActiveCfg = Debug|iPhoneSimulator
		{74599003-64DB-4B34-8D8A-F8329AAC6681}.Debug|iPhoneSimulator.Build.0 = Debug|iPhoneSimulator
		{74599003-64DB-4B34-8D8A-F8329AAC6681}.Debug|iPhoneSimulator.Deploy.0 = Debug|iPhoneSimulator
		{74599003-64DB-4B34-8D8A-F8329AAC6681}.Release|Any CPU.ActiveCfg = Release|iPhoneSimulator
		{74599003-64DB-4B34-8D8A-F8329AAC6681}.Release|Any CPU.Build.0 = Release|iPhoneSimulator
		{74599003-64DB-4B34-8D8A-F8329AAC6681}.Release|Any CPU.Deploy.0 = Release|iPhoneSimulator
		{74599003-64DB-4B34-8D8A-F8329AAC6681}.Release|iPhone.ActiveCfg = Release|iPhone
		{74599003-64DB-4B34-8D8A-F8329AAC6681}.Release|iPhone.Build.0 = Release|iPhone
		{74599003-64DB-4B34-8D8A-F8329AAC6681}.Release|iPhone.Deploy.0 = Release|iPhone
		{74599003-64DB-4B34-8D8A-F8329AAC6681}.Release|iPhoneSimulator.ActiveCfg = Release|iPhoneSimulator
		{74599003-64DB-4B34-8D8A-F8329AAC6681}.Release|iPhoneSimulator.Build.0 = Release|iPhoneSimulator
		{74599003-64DB-4B34-8D8A-F8329AAC6681}.Release|iPhoneSimulator.Deploy.0 = Release|iPhoneSimulator
		{A15B6ED0-72BD-4E75-A72A-0557910CBC8F}.Debug|Any CPU.ActiveCfg = Debug|Any CPU
		{A15B6ED0-72BD-4E75-A72A-0557910CBC8F}.Debug|Any CPU.Build.0 = Debug|Any CPU
		{A15B6ED0-72BD-4E75-A72A-0557910CBC8F}.Debug|Any CPU.Deploy.0 = Debug|Any CPU
		{A15B6ED0-72BD-4E75-A72A-0557910CBC8F}.Debug|iPhone.ActiveCfg = Debug|Any CPU
		{A15B6ED0-72BD-4E75-A72A-0557910CBC8F}.Debug|iPhone.Build.0 = Debug|Any CPU
		{A15B6ED0-72BD-4E75-A72A-0557910CBC8F}.Debug|iPhone.Deploy.0 = Debug|Any CPU
		{A15B6ED0-72BD-4E75-A72A-0557910CBC8F}.Debug|iPhoneSimulator.ActiveCfg = Debug|Any CPU
		{A15B6ED0-72BD-4E75-A72A-0557910CBC8F}.Debug|iPhoneSimulator.Build.0 = Debug|Any CPU
		{A15B6ED0-72BD-4E75-A72A-0557910CBC8F}.Debug|iPhoneSimulator.Deploy.0 = Debug|Any CPU
		{A15B6ED0-72BD-4E75-A72A-0557910CBC8F}.Release|Any CPU.ActiveCfg = Release|Any CPU
		{A15B6ED0-72BD-4E75-A72A-0557910CBC8F}.Release|Any CPU.Build.0 = Release|Any CPU
		{A15B6ED0-72BD-4E75-A72A-0557910CBC8F}.Release|Any CPU.Deploy.0 = Release|Any CPU
		{A15B6ED0-72BD-4E75-A72A-0557910CBC8F}.Release|iPhone.ActiveCfg = Release|Any CPU
		{A15B6ED0-72BD-4E75-A72A-0557910CBC8F}.Release|iPhone.Build.0 = Release|Any CPU
		{A15B6ED0-72BD-4E75-A72A-0557910CBC8F}.Release|iPhone.Deploy.0 = Release|Any CPU
		{A15B6ED0-72BD-4E75-A72A-0557910CBC8F}.Release|iPhoneSimulator.ActiveCfg = Release|Any CPU
		{A15B6ED0-72BD-4E75-A72A-0557910CBC8F}.Release|iPhoneSimulator.Build.0 = Release|Any CPU
		{A15B6ED0-72BD-4E75-A72A-0557910CBC8F}.Release|iPhoneSimulator.Deploy.0 = Release|Any CPU
	EndGlobalSection
	GlobalSection(SolutionProperties) = preSolution
		HideSolutionNode = FALSE
	EndGlobalSection
	GlobalSection(ExtensibilityGlobals) = postSolution
		SolutionGuid = {B6FDF8D4-A836-426F-99C0-8792A8BEA299}
	EndGlobalSection
EndGlobal
